{
  "meteor": {},
  "dependencies": {
    "basePackages": {
      "bootstrap-3": {},
      "reststop2": {},
      "moment": {},
      "pince": {},
      "autocompletion": {}
    },
    "packages": {
      "bootstrap-3": {
        "git": "https://github.com/mangasocial/meteor-bootstrap-3.git",
        "tag": "v3.1.1-1",
        "commit": "63dd38968828bb8963636df93e9a1c45e2dfe67e"
      },
      "reststop2": {
        "git": "https://github.com/BeDifferential/reststop2.git",
        "tag": "v0.5.6",
        "commit": "14046bc686dab573957106cf96502e8a18c9204a"
      },
      "moment": {
        "git": "https://github.com/acreeger/meteor-moment.git",
        "tag": "v2.5.1",
        "commit": "8c9bc5d3fc96705057737cb9743d555417f6e551"
      },
      "pince": {
        "git": "https://github.com/mad-eye/pince.git",
        "tag": "v0.0.5",
        "commit": "4524ecc0bdf043c49dc62e91bbd8a99c661081ed"
      },
      "autocompletion": {
        "git": "https://github.com/sebdah/meteor-autocompletion.git",
        "tag": "v0.1.4",
        "commit": "821cb4a85d94132edfc26e8f0c2a432c95485e79"
      },
      "jquery-ui": {
        "git": "https://github.com/TimHeckel/meteor-jquery-ui.git",
        "tag": "v1.9.2",
        "commit": "c437d45edcf1367df8d5ffa8bad2867758030bd2"
      }
    }
  }
}
